// !$*UTF8*$!
{
	archiveVersion = 1;
	classes = {
	};
	objectVersion = 46;
	objects = {

/* Begin PBXBuildFile section */
		065A76551BF630EE00864755 /* main.m in Sources */ = {isa = PBXBuildFile; fileRef = 065A76541BF630EE00864755 /* main.m */; };
		065A76581BF630EE00864755 /* AppDelegate.m in Sources */ = {isa = PBXBuildFile; fileRef = 065A76571BF630EE00864755 /* AppDelegate.m */; };
		065A765B1BF630EE00864755 /* ViewController.m in Sources */ = {isa = PBXBuildFile; fileRef = 065A765A1BF630EE00864755 /* ViewController.m */; };
		065A765E1BF630EE00864755 /* Main.storyboard in Resources */ = {isa = PBXBuildFile; fileRef = 065A765C1BF630EE00864755 /* Main.storyboard */; };
		065A76601BF630EE00864755 /* Assets.xcassets in Resources */ = {isa = PBXBuildFile; fileRef = 065A765F1BF630EE00864755 /* Assets.xcassets */; };
		065A76631BF630EE00864755 /* LaunchScreen.storyboard in Resources */ = {isa = PBXBuildFile; fileRef = 065A76611BF630EE00864755 /* LaunchScreen.storyboard */; };
/* End PBXBuildFile section */

/* Begin PBXFileReference section */
		065A76501BF630EE00864755 /* Unbound Hackathon.app */ = {isa = PBXFileReference; explicitFileType = wrapper.application; includeInIndex = 0; path = "Unbound Hackathon.app"; sourceTree = BUILT_PRODUCTS_DIR; };
		065A76541BF630EE00864755 /* main.m */ = {isa = PBXFileReference; lastKnownFileType = sourcecode.c.objc; path = main.m; sourceTree = "<group>"; };
		065A76561BF630EE00864755 /* AppDelegate.h */ = {isa = PBXFileReference; lastKnownFileType = sourcecode.c.h; path = AppDelegate.h; sourceTree = "<group>"; };
		065A76571BF630EE00864755 /* AppDelegate.m */ = {isa = PBXFileReference; lastKnownFileType = sourcecode.c.objc; path = AppDelegate.m; sourceTree = "<group>"; };
		065A76591BF630EE00864755 /* ViewController.h */ = {isa = PBXFileReference; lastKnownFileType = sourcecode.c.h; path = ViewController.h; sourceTree = "<group>"; };
		065A765A1BF630EE00864755 /* ViewController.m */ = {isa = PBXFileReference; lastKnownFileType = sourcecode.c.objc; path = ViewController.m; sourceTree = "<group>"; };
		065A765D1BF630EE00864755 /* Base */ = {isa = PBXFileReference; lastKnownFileType = file.storyboard; name = Base; path = Base.lproj/Main.storyboard; sourceTree = "<group>"; };
		065A765F1BF630EE00864755 /* Assets.xcassets */ = {isa = PBXFileReference; lastKnownFileType = folder.assetcatalog; path = Assets.xcassets; sourceTree = "<group>"; };
		065A76621BF630EE00864755 /* Base */ = {isa = PBXFileReference; lastKnownFileType = file.storyboard; name = Base; path = Base.lproj/LaunchScreen.storyboard; sourceTree = "<group>"; };
		065A76641BF630EE00864755 /* Info.plist */ = {isa = PBXFileReference; lastKnownFileType = text.plist.xml; path = Info.plist; sourceTree = "<group>"; };
/* End PBXFileReference section */

/* Begin PBXFrameworksBuildPhase section */
		065A764D1BF630EE00864755 /* Frameworks */ = {
			isa = PBXFrameworksBuildPhase;
			buildActionMask = 2147483647;
			files = (
			);
			runOnlyForDeploymentPostprocessing = 0;
		};
/* End PBXFrameworksBuildPhase section */

/* Begin PBXGroup section */
		065A76471BF630EE00864755 = {
			isa = PBXGroup;
			children = (
				065A76521BF630EE00864755 /* Unbound Hackathon */,
				065A76511BF630EE00864755 /* Products */,
			);
			sourceTree = "<group>";
		};
		065A76511BF630EE00864755 /* Products */ = {
			isa = PBXGroup;
			children = (
				065A76501BF630EE00864755 /* Unbound Hackathon.app */,
			);
			name = Products;
			sourceTree = "<group>";
		};
		065A76521BF630EE00864755 /* Unbound Hackathon */ = {
			isa = PBXGroup;
			children = (
				065A76561BF630EE00864755 /* AppDelegate.h */,
				065A76571BF630EE00864755 /* AppDelegate.m */,
				065A76591BF630EE00864755 /* ViewController.h */,
				065A765A1BF630EE00864755 /* ViewController.m */,
				065A765C1BF630EE00864755 /* Main.storyboard */,
				065A765F1BF630EE00864755 /* Assets.xcassets */,
				065A76611BF630EE00864755 /* LaunchScreen.storyboard */,
				065A76641BF630EE00864755 /* Info.plist */,
				065A76531BF630EE00864755 /* Supporting Files */,
			);
			path = "Unbound Hackathon";
			sourceTree = "<group>";
		};
		065A76531BF630EE00864755 /* Supporting Files */ = {
			isa = PBXGroup;
			children = (
				065A76541BF630EE00864755 /* main.m */,
			);
			name = "Supporting Files";
			sourceTree = "<group>";
		};
/* End PBXGroup section */

/* Begin PBXNativeTarget section */
		065A764F1BF630EE00864755 /* Unbound Hackathon */ = {
			isa = PBXNativeTarget;
			buildConfigurationList = 065A76671BF630EE00864755 /* Build configuration list for PBXNativeTarget "Unbound Hackathon" */;
			buildPhases = (
				065A764C1BF630EE00864755 /* Sources */,
				065A764D1BF630EE00864755 /* Frameworks */,
				065A764E1BF630EE00864755 /* Resources */,
			);
			buildRules = (
			);
			dependencies = (
			);
			name = "Unbound Hackathon";
			productName = "Unbound Hackathon";
			productReference = 065A76501BF630EE00864755 /* Unbound Hackathon.app */;
			productType = "com.apple.product-type.application";
		};
/* End PBXNativeTarget section */

/* Begin PBXProject section */
		065A76481BF630EE00864755 /* Project object */ = {
			isa = PBXProject;
			attributes = {
				LastUpgradeCheck = 0710;
				ORGANIZATIONNAME = "Platt, Mike : Personal & Corporate Banking";
				TargetAttributes = {
					065A764F1BF630EE00864755 = {
						CreatedOnToolsVersion = 7.1;
					};
				};
			};
			buildConfigurationList = 065A764B1BF630EE00864755 /* Build configuration list for PBXProject "Unbound Hackathon" */;
			compatibilityVersion = "Xcode 3.2";
			developmentRegion = English;
			hasScannedForEncodings = 0;
			knownRegions = (
				en,
				Base,
			);
			mainGroup = 065A76471BF630EE00864755;
			productRefGroup = 065A76511BF630EE00864755 /* Products */;
			projectDirPath = "";
			projectRoot = "";
			targets = (
				065A764F1BF630EE00864755 /* Unbound Hackathon */,
			);
		};
/* End PBXProject section */

/* Begin PBXResourcesBuildPhase section */
		065A764E1BF630EE00864755 /* Resources */ = {
			isa = PBXResourcesBuildPhase;
			buildActionMask = 2147483647;
			files = (
				065A76631BF630EE00864755 /* LaunchScreen.storyboard in Resources */,
				065A76601BF630EE00864755 /* Assets.xcassets in Resources */,
				065A765E1BF630EE00864755 /* Main.storyboard in Resources */,
			);
			runOnlyForDeploymentPostprocessing = 0;
		};
/* End PBXResourcesBuildPhase section */

/* Begin PBXSourcesBuildPhase section */
		065A764C1BF630EE00864755 /* Sources */ = {
			isa = PBXSourcesBuildPhase;
			buildActionMask = 2147483647;
			files = (
				065A765B1BF630EE00864755 /* ViewController.m in Sources */,
				065A76581BF630EE00864755 /* AppDelegate.m in Sources */,
				065A76551BF630EE00864755 /* main.m in Sources */,
			);
			runOnlyForDeploymentPostprocessing = 0;
		};
/* End PBXSourcesBuildPhase section */

/* Begin PBXVariantGroup section */
		065A765C1BF630EE00864755 /* Main.storyboard */ = {
			isa = PBXVariantGroup;
			children = (
				065A765D1BF630EE00864755 /* Base */,
			);
			name = Main.storyboard;
			sourceTree = "<group>";
		};
		065A76611BF630EE00864755 /* LaunchScreen.storyboard */ = {
			isa = PBXVariantGroup;
			children = (
				065A76621BF630EE00864755 /* Base */,
			);
			name = LaunchScreen.storyboard;
			sourceTree = "<group>";
		};
/* End PBXVariantGroup section */

/* Begin XCBuildConfiguration section */
		065A76651BF630EE00864755 /* Debug */ = {
			isa = XCBuildConfiguration;
			buildSettings = {
				ALWAYS_SEARCH_USER_PATHS = NO;
				CLANG_CXX_LANGUAGE_STANDARD = "gnu++0x";
				CLANG_CXX_LIBRARY = "libc++";
				CLANG_ENABLE_MODULES = YES;
				CLANG_ENABLE_OBJC_ARC = YES;
				CLANG_WARN_BOOL_CONVERSION = YES;
				CLANG_WARN_CONSTANT_CONVERSION = YES;
				CLANG_WARN_DIRECT_OBJC_ISA_USAGE = YES_ERROR;
				CLANG_WARN_EMPTY_BODY = YES;
				CLANG_WARN_ENUM_CONVERSION = YES;
				CLANG_WARN_INT_CONVERSION = YES;
				CLANG_WARN_OBJC_ROOT_CLASS = YES_ERROR;
				CLANG_WARN_UNREACHABLE_CODE = YES;
				CLANG_WARN__DUPLICATE_METHOD_MATCH = YES;
				"CODE_SIGN_IDENTITY[sdk=iphoneos*]" = "iPhone Developer";
				COPY_PHASE_STRIP = NO;
				DEBUG_INFORMATION_FORMAT = dwarf;
				ENABLE_STRICT_OBJC_MSGSEND = YES;
				ENABLE_TESTABILITY = YES;
				GCC_C_LANGUAGE_STANDARD = gnu99;
				GCC_DYNAMIC_NO_PIC = NO;
				GCC_NO_COMMON_BLOCKS = YES;
				GCC_OPTIMIZATION_LEVEL = 0;
				GCC_PREPROCESSOR_DEFINITIONS = (
					"DEBUG=1",
					"$(inherited)",
				);
				GCC_WARN_64_TO_32_BIT_CONVERSION = YES;
				GCC_WARN_ABOUT_RETURN_TYPE = YES_ERROR;
				GCC_WARN_UNDECLARED_SELECTOR = YES;
				GCC_WARN_UNINITIALIZED_AUTOS = YES_AGGRESSIVE;
				GCC_WARN_UNUSED_FUNCTION = YES;
				GCC_WARN_UNUSED_VARIABLE = YES;
				IPHONEOS_DEPLOYMENT_TARGET = 9.1;
				MTL_ENABLE_DEBUG_INFO = YES;
				ONLY_ACTIVE_ARCH = YES;
				SDKROOT = iphoneos;
				TARGETED_DEVICE_FAMILY = "1,2";
			};
			name = Debug;
		};
		065A76661BF630EE00864755 /* Release */ = {
			isa = XCBuildConfiguration;
			buildSettings = {
				ALWAYS_SEARCH_USER_PATHS = NO;
				CLANG_CXX_LANGUAGE_STANDARD = "gnu++0x";
				CLANG_CXX_LIBRARY = "libc++";
				CLANG_ENABLE_MODULES = YES;
				CLANG_ENABLE_OBJC_ARC = YES;
				CLANG_WARN_BOOL_CONVERSION = YES;
				CLANG_WARN_CONSTANT_CONVERSION = YES;
				CLANG_WARN_DIRECT_OBJC_ISA_USAGE = YES_ERROR;
				CLANG_WARN_EMPTY_BODY = YES;
				CLANG_WARN_ENUM_CONVERSION = YES;
				CLANG_WARN_INT_CONVERSION = YES;
				CLANG_WARN_OBJC_ROOT_CLASS = YES_ERROR;
				CLANG_WARN_UNREACHABLE_CODE = YES;
				CLANG_WARN__DUPLICATE_METHOD_MATCH = YES;
				"CODE_SIGN_IDENTITY[sdk=iphoneos*]" = "iPhone Developer";
				COPY_PHASE_STRIP = NO;
				DEBUG_INFORMATION_FORMAT = "dwarf-with-dsym";
				ENABLE_NS_ASSERTIONS = NO;
				ENABLE_STRICT_OBJC_MSGSEND = YES;
				GCC_C_LANGUAGE_STANDARD = gnu99;
				GCC_NO_COMMON_BLOCKS = YES;
				GCC_WARN_64_TO_32_BIT_CONVERSION = YES;
				GCC_WARN_ABOUT_RETURN_TYPE = YES_ERROR;
				GCC_WARN_UNDECLARED_SELECTOR = YES;
				GCC_WARN_UNINITIALIZED_AUTOS = YES_AGGRESSIVE;
				GCC_WARN_UNUSED_FUNCTION = YES;
				GCC_WARN_UNUSED_VARIABLE = YES;
				IPHONEOS_DEPLOYMENT_TARGET = 9.1;
				MTL_ENABLE_DEBUG_INFO = NO;
				SDKROOT = iphoneos;
				TARGETED_DEVICE_FAMILY = "1,2";
				VALIDATE_PRODUCT = YES;
			};
			name = Release;
		};
		065A76681BF630EE00864755 /* Debug */ = {
			isa = XCBuildConfiguration;
			buildSettings = {
				ASSETCATALOG_COMPILER_APPICON_NAME = AppIcon;
				"CODE_SIGN_IDENTITY[sdk=iphoneos*]" = "";
				INFOPLIST_FILE = "Unbound Hackathon/Info.plist";
				IPHONEOS_DEPLOYMENT_TARGET = 8.0;
				LD_RUNPATH_SEARCH_PATHS = "$(inherited) @executable_path/Frameworks";
				PRODUCT_BUNDLE_IDENTIFIER = "com.barclays.Unbound-Hackathon";
				PRODUCT_NAME = "$(TARGET_NAME)";
			};
			name = Debug;
		};
		065A76691BF630EE00864755 /* Release */ = {
			isa = XCBuildConfiguration;
			buildSettings = {
				ASSETCATALOG_COMPILER_APPICON_NAME = AppIcon;
				"CODE_SIGN_IDENTITY[sdk=iphoneos*]" = "";
				INFOPLIST_FILE = "Unbound Hackathon/Info.plist";
				IPHONEOS_DEPLOYMENT_TARGET = 8.0;
				LD_RUNPATH_SEARCH_PATHS = "$(inherited) @executable_path/Frameworks";
				PRODUCT_BUNDLE_IDENTIFIER = "com.barclays.Unbound-Hackathon";
				PRODUCT_NAME = "$(TARGET_NAME)";
			};
			name = Release;
		};
/* End XCBuildConfiguration section */

/* Begin XCConfigurationList section */
		065A764B1BF630EE00864755 /* Build configuration list for PBXProject "Unbound Hackathon" */ = {
			isa = XCConfigurationList;
			buildConfigurations = (
				065A76651BF630EE00864755 /* Debug */,
				065A76661BF630EE00864755 /* Release */,
			);
			defaultConfigurationIsVisible = 0;
			defaultConfigurationName = Release;
		};
		065A76671BF630EE00864755 /* Build configuration list for PBXNativeTarget "Unbound Hackathon" */ = {
			isa = XCConfigurationList;
			buildConfigurations = (
				065A76681BF630EE00864755 /* Debug */,
				065A76691BF630EE00864755 /* Release */,
			);
			defaultConfigurationIsVisible = 0;
			defaultConfigurationName = Release;
		};
/* End XCConfigurationList section */
	};
	rootObject = 065A76481BF630EE00864755 /* Project object */;
}
